// !$*UTF8*$!
{
	archiveVersion = 1;
	classes = {
	};
	objectVersion = 50;
	objects = {

/* Begin PBXBuildFile section */
		E41233FC218B46AC0027E8C1 /* AppDelegate.m in Sources */ = {isa = PBXBuildFile; fileRef = E41233FB218B46AC0027E8C1 /* AppDelegate.m */; };
		E41233FF218B46AC0027E8C1 /* ViewController.m in Sources */ = {isa = PBXBuildFile; fileRef = E41233FE218B46AC0027E8C1 /* ViewController.m */; };
		E4123402218B46AC0027E8C1 /* Main.storyboard in Resources */ = {isa = PBXBuildFile; fileRef = E4123400218B46AC0027E8C1 /* Main.storyboard */; };
		E4123404218B46AE0027E8C1 /* Assets.xcassets in Resources */ = {isa = PBXBuildFile; fileRef = E4123403218B46AE0027E8C1 /* Assets.xcassets */; };
		E4123407218B46AE0027E8C1 /* LaunchScreen.storyboard in Resources */ = {isa = PBXBuildFile; fileRef = E4123405218B46AE0027E8C1 /* LaunchScreen.storyboard */; };
		E412340A218B46AE0027E8C1 /* main.m in Sources */ = {isa = PBXBuildFile; fileRef = E4123409218B46AE0027E8C1 /* main.m */; };
		E49AC9522193E24D0089A9A9 /* QuartzClass.m in Sources */ = {isa = PBXBuildFile; fileRef = E49AC9512193E24D0089A9A9 /* QuartzClass.m */; };
		E4DF87AE2193273100479237 /* StockClass.m in Sources */ = {isa = PBXBuildFile; fileRef = E4DF87AD2193273100479237 /* StockClass.m */; };
		E4DF87B02193282A00479237 /* data.txt in Resources */ = {isa = PBXBuildFile; fileRef = E4DF87AF2193282A00479237 /* data.txt */; };
/* End PBXBuildFile section */

/* Begin PBXFileReference section */
		E41233F7218B46AC0027E8C1 /* Draw_Stock_Curve.app */ = {isa = PBXFileReference; explicitFileType = wrapper.application; includeInIndex = 0; path = Draw_Stock_Curve.app; sourceTree = BUILT_PRODUCTS_DIR; };
		E41233FA218B46AC0027E8C1 /* AppDelegate.h */ = {isa = PBXFileReference; lastKnownFileType = sourcecode.c.h; path = AppDelegate.h; sourceTree = "<group>"; };
		E41233FB218B46AC0027E8C1 /* AppDelegate.m */ = {isa = PBXFileReference; lastKnownFileType = sourcecode.c.objc; path = AppDelegate.m; sourceTree = "<group>"; };
		E41233FD218B46AC0027E8C1 /* ViewController.h */ = {isa = PBXFileReference; lastKnownFileType = sourcecode.c.h; path = ViewController.h; sourceTree = "<group>"; };
		E41233FE218B46AC0027E8C1 /* ViewController.m */ = {isa = PBXFileReference; lastKnownFileType = sourcecode.c.objc; path = ViewController.m; sourceTree = "<group>"; };
		E4123401218B46AC0027E8C1 /* Base */ = {isa = PBXFileReference; lastKnownFileType = file.storyboard; name = Base; path = Base.lproj/Main.storyboard; sourceTree = "<group>"; };
		E4123403218B46AE0027E8C1 /* Assets.xcassets */ = {isa = PBXFileReference; lastKnownFileType = folder.assetcatalog; path = Assets.xcassets; sourceTree = "<group>"; };
		E4123406218B46AE0027E8C1 /* Base */ = {isa = PBXFileReference; lastKnownFileType = file.storyboard; name = Base; path = Base.lproj/LaunchScreen.storyboard; sourceTree = "<group>"; };
		E4123408218B46AE0027E8C1 /* Info.plist */ = {isa = PBXFileReference; lastKnownFileType = text.plist.xml; path = Info.plist; sourceTree = "<group>"; };
		E4123409218B46AE0027E8C1 /* main.m */ = {isa = PBXFileReference; lastKnownFileType = sourcecode.c.objc; path = main.m; sourceTree = "<group>"; };
		E49AC9502193E24D0089A9A9 /* QuartzClass.h */ = {isa = PBXFileReference; lastKnownFileType = sourcecode.c.h; path = QuartzClass.h; sourceTree = "<group>"; };
		E49AC9512193E24D0089A9A9 /* QuartzClass.m */ = {isa = PBXFileReference; lastKnownFileType = sourcecode.c.objc; path = QuartzClass.m; sourceTree = "<group>"; };
		E4DF87AC2193273100479237 /* StockClass.h */ = {isa = PBXFileReference; lastKnownFileType = sourcecode.c.h; path = StockClass.h; sourceTree = "<group>"; };
		E4DF87AD2193273100479237 /* StockClass.m */ = {isa = PBXFileReference; lastKnownFileType = sourcecode.c.objc; path = StockClass.m; sourceTree = "<group>"; };
		E4DF87AF2193282A00479237 /* data.txt */ = {isa = PBXFileReference; fileEncoding = 4; lastKnownFileType = text; path = data.txt; sourceTree = "<group>"; };
/* End PBXFileReference section */

/* Begin PBXFrameworksBuildPhase section */
		E41233F4218B46AC0027E8C1 /* Frameworks */ = {
			isa = PBXFrameworksBuildPhase;
			buildActionMask = 2147483647;
			files = (
			);
			runOnlyForDeploymentPostprocessing = 0;
		};
/* End PBXFrameworksBuildPhase section */

/* Begin PBXGroup section */
		E41233EE218B46AC0027E8C1 = {
			isa = PBXGroup;
			children = (
				E41233F9218B46AC0027E8C1 /* Draw_Stock_Curve */,
				E41233F8218B46AC0027E8C1 /* Products */,
			);
			sourceTree = "<group>";
		};
		E41233F8218B46AC0027E8C1 /* Products */ = {
			isa = PBXGroup;
			children = (
				E41233F7218B46AC0027E8C1 /* Draw_Stock_Curve.app */,
			);
			name = Products;
			sourceTree = "<group>";
		};
		E41233F9218B46AC0027E8C1 /* Draw_Stock_Curve */ = {
			isa = PBXGroup;
			children = (
				E41233FA218B46AC0027E8C1 /* AppDelegate.h */,
				E41233FB218B46AC0027E8C1 /* AppDelegate.m */,
				E41233FD218B46AC0027E8C1 /* ViewController.h */,
				E41233FE218B46AC0027E8C1 /* ViewController.m */,
				E4DF87AF2193282A00479237 /* data.txt */,
				E4123400218B46AC0027E8C1 /* Main.storyboard */,
				E4123403218B46AE0027E8C1 /* Assets.xcassets */,
				E4123405218B46AE0027E8C1 /* LaunchScreen.storyboard */,
				E4123408218B46AE0027E8C1 /* Info.plist */,
				E4123409218B46AE0027E8C1 /* main.m */,
				E4DF87AC2193273100479237 /* StockClass.h */,
				E4DF87AD2193273100479237 /* StockClass.m */,
				E49AC9502193E24D0089A9A9 /* QuartzClass.h */,
				E49AC9512193E24D0089A9A9 /* QuartzClass.m */,
			);
			path = Draw_Stock_Curve;
			sourceTree = "<group>";
		};
/* End PBXGroup section */

/* Begin PBXNativeTarget section */
		E41233F6218B46AC0027E8C1 /* Draw_Stock_Curve */ = {
			isa = PBXNativeTarget;
			buildConfigurationList = E412340D218B46AE0027E8C1 /* Build configuration list for PBXNativeTarget "Draw_Stock_Curve" */;
			buildPhases = (
				E41233F3218B46AC0027E8C1 /* Sources */,
				E41233F4218B46AC0027E8C1 /* Frameworks */,
				E41233F5218B46AC0027E8C1 /* Resources */,
			);
			buildRules = (
			);
			dependencies = (
			);
			name = Draw_Stock_Curve;
			productName = Draw_Stock_Curve;
			productReference = E41233F7218B46AC0027E8C1 /* Draw_Stock_Curve.app */;
			productType = "com.apple.product-type.application";
		};
/* End PBXNativeTarget section */

/* Begin PBXProject section */
		E41233EF218B46AC0027E8C1 /* Project object */ = {
			isa = PBXProject;
			attributes = {
				LastUpgradeCheck = 0940;
				ORGANIZATIONNAME = captain;
				TargetAttributes = {
					E41233F6218B46AC0027E8C1 = {
						CreatedOnToolsVersion = 9.4;
					};
				};
			};
			buildConfigurationList = E41233F2218B46AC0027E8C1 /* Build configuration list for PBXProject "Draw_Stock_Curve" */;
			compatibilityVersion = "Xcode 9.3";
			developmentRegion = en;
			hasScannedForEncodings = 0;
			knownRegions = (
				en,
				Base,
			);
			mainGroup = E41233EE218B46AC0027E8C1;
			productRefGroup = E41233F8218B46AC0027E8C1 /* Products */;
			projectDirPath = "";
			projectRoot = "";
			targets = (
				E41233F6218B46AC0027E8C1 /* Draw_Stock_Curve */,
			);
		};
/* End PBXProject section */

/* Begin PBXResourcesBuildPhase section */
		E41233F5218B46AC0027E8C1 /* Resources */ = {
			isa = PBXResourcesBuildPhase;
			buildActionMask = 2147483647;
			files = (
				E4DF87B02193282A00479237 /* data.txt in Resources */,
				E4123407218B46AE0027E8C1 /* LaunchScreen.storyboard in Resources */,
				E4123404218B46AE0027E8C1 /* Assets.xcassets in Resources */,
				E4123402218B46AC0027E8C1 /* Main.storyboard in Resources */,
			);
			runOnlyForDeploymentPostprocessing = 0;
		};
/* End PBXResourcesBuildPhase section */

/* Begin PBXSourcesBuildPhase section */
		E41233F3218B46AC0027E8C1 /* Sources */ = {
			isa = PBXSourcesBuildPhase;
			buildActionMask = 2147483647;
			files = (
				E41233FF218B46AC0027E8C1 /* ViewController.m in Sources */,
				E4DF87AE2193273100479237 /* StockClass.m in Sources */,
				E49AC9522193E24D0089A9A9 /* QuartzClass.m in Sources */,
				E412340A218B46AE0027E8C1 /* main.m in Sources */,
				E41233FC218B46AC0027E8C1 /* AppDelegate.m in Sources */,
			);
			runOnlyForDeploymentPostprocessing = 0;
		};
/* End PBXSourcesBuildPhase section */

/* Begin PBXVariantGroup section */
		E4123400218B46AC0027E8C1 /* Main.storyboard */ = {
			isa = PBXVariantGroup;
			children = (
				E4123401218B46AC0027E8C1 /* Base */,
			);
			name = Main.storyboard;
			sourceTree = "<group>";
		};
		E4123405218B46AE0027E8C1 /* LaunchScreen.storyboard */ = {
			isa = PBXVariantGroup;
			children = (
				E4123406218B46AE0027E8C1 /* Base */,
			);
			name = LaunchScreen.storyboard;
			sourceTree = "<group>";
		};
/* End PBXVariantGroup section */

/* Begin XCBuildConfiguration section */
		E412340B218B46AE0027E8C1 /* Debug */ = {
			isa = XCBuildConfiguration;
			buildSettings = {
				ALWAYS_SEARCH_USER_PATHS = NO;
				CLANG_ANALYZER_NONNULL = YES;
				CLANG_ANALYZER_NUMBER_OBJECT_CONVERSION = YES_AGGRESSIVE;
				CLANG_CXX_LANGUAGE_STANDARD = "gnu++14";
				CLANG_CXX_LIBRARY = "libc++";
				CLANG_ENABLE_MODULES = YES;
				CLANG_ENABLE_OBJC_ARC = YES;
				CLANG_ENABLE_OBJC_WEAK = YES;
				CLANG_WARN_BLOCK_CAPTURE_AUTORELEASING = YES;
				CLANG_WARN_BOOL_CONVERSION = YES;
				CLANG_WARN_COMMA = YES;
				CLANG_WARN_CONSTANT_CONVERSION = YES;
				CLANG_WARN_DEPRECATED_OBJC_IMPLEMENTATIONS = YES;
				CLANG_WARN_DIRECT_OBJC_ISA_USAGE = YES_ERROR;
				CLANG_WARN_DOCUMENTATION_COMMENTS = YES;
				CLANG_WARN_EMPTY_BODY = YES;
				CLANG_WARN_ENUM_CONVERSION = YES;
				CLANG_WARN_INFINITE_RECURSION = YES;
				CLANG_WARN_INT_CONVERSION = YES;
				CLANG_WARN_NON_LITERAL_NULL_CONVERSION = YES;
				CLANG_WARN_OBJC_IMPLICIT_RETAIN_SELF = YES;
				CLANG_WARN_OBJC_LITERAL_CONVERSION = YES;
				CLANG_WARN_OBJC_ROOT_CLASS = YES_ERROR;
				CLANG_WARN_RANGE_LOOP_ANALYSIS = YES;
				CLANG_WARN_STRICT_PROTOTYPES = YES;
				CLANG_WARN_SUSPICIOUS_MOVE = YES;
				CLANG_WARN_UNGUARDED_AVAILABILITY = YES_AGGRESSIVE;
				CLANG_WARN_UNREACHABLE_CODE = YES;
				CLANG_WARN__DUPLICATE_METHOD_MATCH = YES;
				CODE_SIGN_IDENTITY = "iPhone Developer";
				COPY_PHASE_STRIP = NO;
				DEBUG_INFORMATION_FORMAT = dwarf;
				ENABLE_STRICT_OBJC_MSGSEND = YES;
				ENABLE_TESTABILITY = YES;
				GCC_C_LANGUAGE_STANDARD = gnu11;
				GCC_DYNAMIC_NO_PIC = NO;
				GCC_NO_COMMON_BLOCKS = YES;
				GCC_OPTIMIZATION_LEVEL = 0;
				GCC_PREPROCESSOR_DEFINITIONS = (
					"DEBUG=1",
					"$(inherited)",
				);
				GCC_WARN_64_TO_32_BIT_CONVERSION = YES;
				GCC_WARN_ABOUT_RETURN_TYPE = YES_ERROR;
				GCC_WARN_UNDECLARED_SELECTOR = YES;
				GCC_WARN_UNINITIALIZED_AUTOS = YES_AGGRESSIVE;
				GCC_WARN_UNUSED_FUNCTION = YES;
				GCC_WARN_UNUSED_VARIABLE = YES;
				IPHONEOS_DEPLOYMENT_TARGET = 11.4;
				MTL_ENABLE_DEBUG_INFO = YES;
				ONLY_ACTIVE_ARCH = YES;
				SDKROOT = iphoneos;
			};
			name = Debug;
		};
		E412340C218B46AE0027E8C1 /* Release */ = {
			isa = XCBuildConfiguration;
			buildSettings = {
				ALWAYS_SEARCH_USER_PATHS = NO;
				CLANG_ANALYZER_NONNULL = YES;
				CLANG_ANALYZER_NUMBER_OBJECT_CONVERSION = YES_AGGRESSIVE;
				CLANG_CXX_LANGUAGE_STANDARD = "gnu++14";
				CLANG_CXX_LIBRARY = "libc++";
				CLANG_ENABLE_MODULES = YES;
				CLANG_ENABLE_OBJC_ARC = YES;
				CLANG_ENABLE_OBJC_WEAK = YES;
				CLANG_WARN_BLOCK_CAPTURE_AUTORELEASING = YES;
				CLANG_WARN_BOOL_CONVERSION = YES;
				CLANG_WARN_COMMA = YES;
				CLANG_WARN_CONSTANT_CONVERSION = YES;
				CLANG_WARN_DEPRECATED_OBJC_IMPLEMENTATIONS = YES;
				CLANG_WARN_DIRECT_OBJC_ISA_USAGE = YES_ERROR;
				CLANG_WARN_DOCUMENTATION_COMMENTS = YES;
				CLANG_WARN_EMPTY_BODY = YES;
				CLANG_WARN_ENUM_CONVERSION = YES;
				CLANG_WARN_INFINITE_RECURSION = YES;
				CLANG_WARN_INT_CONVERSION = YES;
				CLANG_WARN_NON_LITERAL_NULL_CONVERSION = YES;
				CLANG_WARN_OBJC_IMPLICIT_RETAIN_SELF = YES;
				CLANG_WARN_OBJC_LITERAL_CONVERSION = YES;
				CLANG_WARN_OBJC_ROOT_CLASS = YES_ERROR;
				CLANG_WARN_RANGE_LOOP_ANALYSIS = YES;
				CLANG_WARN_STRICT_PROTOTYPES = YES;
				CLANG_WARN_SUSPICIOUS_MOVE = YES;
				CLANG_WARN_UNGUARDED_AVAILABILITY = YES_AGGRESSIVE;
				CLANG_WARN_UNREACHABLE_CODE = YES;
				CLANG_WARN__DUPLICATE_METHOD_MATCH = YES;
				CODE_SIGN_IDENTITY = "iPhone Developer";
				COPY_PHASE_STRIP = NO;
				DEBUG_INFORMATION_FORMAT = "dwarf-with-dsym";
				ENABLE_NS_ASSERTIONS = NO;
				ENABLE_STRICT_OBJC_MSGSEND = YES;
				GCC_C_LANGUAGE_STANDARD = gnu11;
				GCC_NO_COMMON_BLOCKS = YES;
				GCC_WARN_64_TO_32_BIT_CONVERSION = YES;
				GCC_WARN_ABOUT_RETURN_TYPE = YES_ERROR;
				GCC_WARN_UNDECLARED_SELECTOR = YES;
				GCC_WARN_UNINITIALIZED_AUTOS = YES_AGGRESSIVE;
				GCC_WARN_UNUSED_FUNCTION = YES;
				GCC_WARN_UNUSED_VARIABLE = YES;
				IPHONEOS_DEPLOYMENT_TARGET = 11.4;
				MTL_ENABLE_DEBUG_INFO = NO;
				SDKROOT = iphoneos;
				VALIDATE_PRODUCT = YES;
			};
			name = Release;
		};
		E412340E218B46AE0027E8C1 /* Debug */ = {
			isa = XCBuildConfiguration;
			buildSettings = {
				ASSETCATALOG_COMPILER_APPICON_NAME = AppIcon;
				CODE_SIGN_STYLE = Automatic;
				DEVELOPMENT_TEAM = G7523C5TWR;
				INFOPLIST_FILE = Draw_Stock_Curve/Info.plist;
				LD_RUNPATH_SEARCH_PATHS = (
					"$(inherited)",
					"@executable_path/Frameworks",
				);
				PRODUCT_BUNDLE_IDENTIFIER = "us.captian.oc.Draw-Stock-Curve";
				PRODUCT_NAME = "$(TARGET_NAME)";
				TARGETED_DEVICE_FAMILY = "1,2";
			};
			name = Debug;
		};
		E412340F218B46AE0027E8C1 /* Release */ = {
			isa = XCBuildConfiguration;
			buildSettings = {
				ASSETCATALOG_COMPILER_APPICON_NAME = AppIcon;
				CODE_SIGN_STYLE = Automatic;
				DEVELOPMENT_TEAM = G7523C5TWR;
				INFOPLIST_FILE = Draw_Stock_Curve/Info.plist;
				LD_RUNPATH_SEARCH_PATHS = (
					"$(inherited)",
					"@executable_path/Frameworks",
				);
				PRODUCT_BUNDLE_IDENTIFIER = "us.captian.oc.Draw-Stock-Curve";
				PRODUCT_NAME = "$(TARGET_NAME)";
				TARGETED_DEVICE_FAMILY = "1,2";
			};
			name = Release;
		};
/* End XCBuildConfiguration section */

/* Begin XCConfigurationList section */
		E41233F2218B46AC0027E8C1 /* Build configuration list for PBXProject "Draw_Stock_Curve" */ = {
			isa = XCConfigurationList;
			buildConfigurations = (
				E412340B218B46AE0027E8C1 /* Debug */,
				E412340C218B46AE0027E8C1 /* Release */,
			);
			defaultConfigurationIsVisible = 0;
			defaultConfigurationName = Release;
		};
		E412340D218B46AE0027E8C1 /* Build configuration list for PBXNativeTarget "Draw_Stock_Curve" */ = {
			isa = XCConfigurationList;
			buildConfigurations = (
				E412340E218B46AE0027E8C1 /* Debug */,
				E412340F218B46AE0027E8C1 /* Release */,
			);
			defaultConfigurationIsVisible = 0;
			defaultConfigurationName = Release;
		};
/* End XCConfigurationList section */
	};
	rootObject = E41233EF218B46AC0027E8C1 /* Project object */;
}
